// !$*UTF8*$!
{
	archiveVersion = 1;
	classes = {
	};
	objectVersion = 56;
	objects = {

/* Begin PBXBuildFile section */
		04FCDECA2C09ADFA00C9E25E /* AppDelegate.m in Sources */ = {isa = PBXBuildFile; fileRef = 04FCDEC92C09ADFA00C9E25E /* AppDelegate.m */; };
		04FCDECD2C09ADFA00C9E25E /* SceneDelegate.m in Sources */ = {isa = PBXBuildFile; fileRef = 04FCDECC2C09ADFA00C9E25E /* SceneDelegate.m */; };
		04FCDED02C09ADFA00C9E25E /* ViewController.m in Sources */ = {isa = PBXBuildFile; fileRef = 04FCDECF2C09ADFA00C9E25E /* ViewController.m */; };
		04FCDED32C09ADFA00C9E25E /* Main.storyboard in Resources */ = {isa = PBXBuildFile; fileRef = 04FCDED12C09ADFA00C9E25E /* Main.storyboard */; };
		04FCDED52C09ADFB00C9E25E /* Assets.xcassets in Resources */ = {isa = PBXBuildFile; fileRef = 04FCDED42C09ADFB00C9E25E /* Assets.xcassets */; };
		04FCDED82C09ADFB00C9E25E /* LaunchScreen.storyboard in Resources */ = {isa = PBXBuildFile; fileRef = 04FCDED62C09ADFB00C9E25E /* LaunchScreen.storyboard */; };
		04FCDEDB2C09ADFB00C9E25E /* main.m in Sources */ = {isa = PBXBuildFile; fileRef = 04FCDEDA2C09ADFB00C9E25E /* main.m */; };
		04FCDEEB2C09B78E00C9E25E /* CTMediator+B.m in Sources */ = {isa = PBXBuildFile; fileRef = 04FCDEE92C09B78E00C9E25E /* CTMediator+B.m */; };
		B4C0F1BB2ACC178EE784C100 /* libPods-B_Category.a in Frameworks */ = {isa = PBXBuildFile; fileRef = D63BB48C4171D75A820B19A6 /* libPods-B_Category.a */; };
/* End PBXBuildFile section */

/* Begin PBXFileReference section */
		04FCDEC52C09ADFA00C9E25E /* B_Category.app */ = {isa = PBXFileReference; explicitFileType = wrapper.application; includeInIndex = 0; path = B_Category.app; sourceTree = BUILT_PRODUCTS_DIR; };
		04FCDEC82C09ADFA00C9E25E /* AppDelegate.h */ = {isa = PBXFileReference; lastKnownFileType = sourcecode.c.h; path = AppDelegate.h; sourceTree = "<group>"; };
		04FCDEC92C09ADFA00C9E25E /* AppDelegate.m */ = {isa = PBXFileReference; lastKnownFileType = sourcecode.c.objc; path = AppDelegate.m; sourceTree = "<group>"; };
		04FCDECB2C09ADFA00C9E25E /* SceneDelegate.h */ = {isa = PBXFileReference; lastKnownFileType = sourcecode.c.h; path = SceneDelegate.h; sourceTree = "<group>"; };
		04FCDECC2C09ADFA00C9E25E /* SceneDelegate.m */ = {isa = PBXFileReference; lastKnownFileType = sourcecode.c.objc; path = SceneDelegate.m; sourceTree = "<group>"; };
		04FCDECE2C09ADFA00C9E25E /* ViewController.h */ = {isa = PBXFileReference; lastKnownFileType = sourcecode.c.h; path = ViewController.h; sourceTree = "<group>"; };
		04FCDECF2C09ADFA00C9E25E /* ViewController.m */ = {isa = PBXFileReference; lastKnownFileType = sourcecode.c.objc; path = ViewController.m; sourceTree = "<group>"; };
		04FCDED22C09ADFA00C9E25E /* Base */ = {isa = PBXFileReference; lastKnownFileType = file.storyboard; name = Base; path = Base.lproj/Main.storyboard; sourceTree = "<group>"; };
		04FCDED42C09ADFB00C9E25E /* Assets.xcassets */ = {isa = PBXFileReference; lastKnownFileType = folder.assetcatalog; path = Assets.xcassets; sourceTree = "<group>"; };
		04FCDED72C09ADFB00C9E25E /* Base */ = {isa = PBXFileReference; lastKnownFileType = file.storyboard; name = Base; path = Base.lproj/LaunchScreen.storyboard; sourceTree = "<group>"; };
		04FCDED92C09ADFB00C9E25E /* Info.plist */ = {isa = PBXFileReference; lastKnownFileType = text.plist.xml; path = Info.plist; sourceTree = "<group>"; };
		04FCDEDA2C09ADFB00C9E25E /* main.m */ = {isa = PBXFileReference; lastKnownFileType = sourcecode.c.objc; path = main.m; sourceTree = "<group>"; };
		04FCDEE92C09B78E00C9E25E /* CTMediator+B.m */ = {isa = PBXFileReference; fileEncoding = 4; lastKnownFileType = sourcecode.c.objc; path = "CTMediator+B.m"; sourceTree = "<group>"; };
		04FCDEEA2C09B78E00C9E25E /* CTMediator+B.h */ = {isa = PBXFileReference; fileEncoding = 4; lastKnownFileType = sourcecode.c.h; path = "CTMediator+B.h"; sourceTree = "<group>"; };
		7C9C93D21EB46E2F9AC9FA68 /* Pods-B_Category.debug.xcconfig */ = {isa = PBXFileReference; includeInIndex = 1; lastKnownFileType = text.xcconfig; name = "Pods-B_Category.debug.xcconfig"; path = "Target Support Files/Pods-B_Category/Pods-B_Category.debug.xcconfig"; sourceTree = "<group>"; };
		D63BB48C4171D75A820B19A6 /* libPods-B_Category.a */ = {isa = PBXFileReference; explicitFileType = archive.ar; includeInIndex = 0; path = "libPods-B_Category.a"; sourceTree = BUILT_PRODUCTS_DIR; };
		F25581F80681C33B318D0106 /* Pods-B_Category.release.xcconfig */ = {isa = PBXFileReference; includeInIndex = 1; lastKnownFileType = text.xcconfig; name = "Pods-B_Category.release.xcconfig"; path = "Target Support Files/Pods-B_Category/Pods-B_Category.release.xcconfig"; sourceTree = "<group>"; };
/* End PBXFileReference section */

/* Begin PBXFrameworksBuildPhase section */
		04FCDEC22C09ADFA00C9E25E /* Frameworks */ = {
			isa = PBXFrameworksBuildPhase;
			buildActionMask = 2147483647;
			files = (
				B4C0F1BB2ACC178EE784C100 /* libPods-B_Category.a in Frameworks */,
			);
			runOnlyForDeploymentPostprocessing = 0;
		};
/* End PBXFrameworksBuildPhase section */

/* Begin PBXGroup section */
		04FCDEBC2C09ADFA00C9E25E = {
			isa = PBXGroup;
			children = (
				04FCDEC72C09ADFA00C9E25E /* B_Category */,
				04FCDEC62C09ADFA00C9E25E /* Products */,
				6CCABD5A5ED3170611E03A9D /* Pods */,
				412D4181EACDEFA51F06CA2B /* Frameworks */,
			);
			sourceTree = "<group>";
		};
		04FCDEC62C09ADFA00C9E25E /* Products */ = {
			isa = PBXGroup;
			children = (
				04FCDEC52C09ADFA00C9E25E /* B_Category.app */,
			);
			name = Products;
			sourceTree = "<group>";
		};
		04FCDEC72C09ADFA00C9E25E /* B_Category */ = {
			isa = PBXGroup;
			children = (
				04FCDEE12C09AED300C9E25E /* B_Category */,
				04FCDEC82C09ADFA00C9E25E /* AppDelegate.h */,
				04FCDEC92C09ADFA00C9E25E /* AppDelegate.m */,
				04FCDECB2C09ADFA00C9E25E /* SceneDelegate.h */,
				04FCDECC2C09ADFA00C9E25E /* SceneDelegate.m */,
				04FCDECE2C09ADFA00C9E25E /* ViewController.h */,
				04FCDECF2C09ADFA00C9E25E /* ViewController.m */,
				04FCDED12C09ADFA00C9E25E /* Main.storyboard */,
				04FCDED42C09ADFB00C9E25E /* Assets.xcassets */,
				04FCDED62C09ADFB00C9E25E /* LaunchScreen.storyboard */,
				04FCDED92C09ADFB00C9E25E /* Info.plist */,
				04FCDEDA2C09ADFB00C9E25E /* main.m */,
			);
			path = B_Category;
			sourceTree = "<group>";
		};
		04FCDEE12C09AED300C9E25E /* B_Category */ = {
			isa = PBXGroup;
			children = (
				04FCDEEA2C09B78E00C9E25E /* CTMediator+B.h */,
				04FCDEE92C09B78E00C9E25E /* CTMediator+B.m */,
			);
			path = B_Category;
			sourceTree = "<group>";
		};
		412D4181EACDEFA51F06CA2B /* Frameworks */ = {
			isa = PBXGroup;
			children = (
				D63BB48C4171D75A820B19A6 /* libPods-B_Category.a */,
			);
			name = Frameworks;
			sourceTree = "<group>";
		};
		6CCABD5A5ED3170611E03A9D /* Pods */ = {
			isa = PBXGroup;
			children = (
				7C9C93D21EB46E2F9AC9FA68 /* Pods-B_Category.debug.xcconfig */,
				F25581F80681C33B318D0106 /* Pods-B_Category.release.xcconfig */,
			);
			path = Pods;
			sourceTree = "<group>";
		};
/* End PBXGroup section */

/* Begin PBXNativeTarget section */
		04FCDEC42C09ADFA00C9E25E /* B_Category */ = {
			isa = PBXNativeTarget;
			buildConfigurationList = 04FCDEDE2C09ADFB00C9E25E /* Build configuration list for PBXNativeTarget "B_Category" */;
			buildPhases = (
				02DBA938A07D5A9A528ABAC1 /* [CP] Check Pods Manifest.lock */,
				04FCDEC12C09ADFA00C9E25E /* Sources */,
				04FCDEC22C09ADFA00C9E25E /* Frameworks */,
				04FCDEC32C09ADFA00C9E25E /* Resources */,
			);
			buildRules = (
			);
			dependencies = (
			);
			name = B_Category;
			productName = B_Category;
			productReference = 04FCDEC52C09ADFA00C9E25E /* B_Category.app */;
			productType = "com.apple.product-type.application";
		};
/* End PBXNativeTarget section */

/* Begin PBXProject section */
		04FCDEBD2C09ADFA00C9E25E /* Project object */ = {
			isa = PBXProject;
			attributes = {
				BuildIndependentTargetsInParallel = 1;
				LastUpgradeCheck = 1510;
				TargetAttributes = {
					04FCDEC42C09ADFA00C9E25E = {
						CreatedOnToolsVersion = 15.1;
					};
				};
			};
			buildConfigurationList = 04FCDEC02C09ADFA00C9E25E /* Build configuration list for PBXProject "B_Category" */;
			compatibilityVersion = "Xcode 14.0";
			developmentRegion = en;
			hasScannedForEncodings = 0;
			knownRegions = (
				en,
				Base,
			);
			mainGroup = 04FCDEBC2C09ADFA00C9E25E;
			productRefGroup = 04FCDEC62C09ADFA00C9E25E /* Products */;
			projectDirPath = "";
			projectRoot = "";
			targets = (
				04FCDEC42C09ADFA00C9E25E /* B_Category */,
			);
		};
/* End PBXProject section */

/* Begin PBXResourcesBuildPhase section */
		04FCDEC32C09ADFA00C9E25E /* Resources */ = {
			isa = PBXResourcesBuildPhase;
			buildActionMask = 2147483647;
			files = (
				04FCDED82C09ADFB00C9E25E /* LaunchScreen.storyboard in Resources */,
				04FCDED52C09ADFB00C9E25E /* Assets.xcassets in Resources */,
				04FCDED32C09ADFA00C9E25E /* Main.storyboard in Resources */,
			);
			runOnlyForDeploymentPostprocessing = 0;
		};
/* End PBXResourcesBuildPhase section */

/* Begin PBXShellScriptBuildPhase section */
		02DBA938A07D5A9A528ABAC1 /* [CP] Check Pods Manifest.lock */ = {
			isa = PBXShellScriptBuildPhase;
			buildActionMask = 2147483647;
			files = (
			);
			inputFileListPaths = (
			);
			inputPaths = (
				"${PODS_PODFILE_DIR_PATH}/Podfile.lock",
				"${PODS_ROOT}/Manifest.lock",
			);
			name = "[CP] Check Pods Manifest.lock";
			outputFileListPaths = (
			);
			outputPaths = (
				"$(DERIVED_FILE_DIR)/Pods-B_Category-checkManifestLockResult.txt",
			);
			runOnlyForDeploymentPostprocessing = 0;
			shellPath = /bin/sh;
			shellScript = "diff \"${PODS_PODFILE_DIR_PATH}/Podfile.lock\" \"${PODS_ROOT}/Manifest.lock\" > /dev/null\nif [ $? != 0 ] ; then\n    # print error to STDERR\n    echo \"error: The sandbox is not in sync with the Podfile.lock. Run 'pod install' or update your CocoaPods installation.\" >&2\n    exit 1\nfi\n# This output is used by Xcode 'outputs' to avoid re-running this script phase.\necho \"SUCCESS\" > \"${SCRIPT_OUTPUT_FILE_0}\"\n";
			showEnvVarsInLog = 0;
		};
/* End PBXShellScriptBuildPhase section */

/* Begin PBXSourcesBuildPhase section */
		04FCDEC12C09ADFA00C9E25E /* Sources */ = {
			isa = PBXSourcesBuildPhase;
			buildActionMask = 2147483647;
			files = (
				04FCDED02C09ADFA00C9E25E /* ViewController.m in Sources */,
				04FCDECA2C09ADFA00C9E25E /* AppDelegate.m in Sources */,
				04FCDEDB2C09ADFB00C9E25E /* main.m in Sources */,
				04FCDECD2C09ADFA00C9E25E /* SceneDelegate.m in Sources */,
				04FCDEEB2C09B78E00C9E25E /* CTMediator+B.m in Sources */,
			);
			runOnlyForDeploymentPostprocessing = 0;
		};
/* End PBXSourcesBuildPhase section */

/* Begin PBXVariantGroup section */
		04FCDED12C09ADFA00C9E25E /* Main.storyboard */ = {
			isa = PBXVariantGroup;
			children = (
				04FCDED22C09ADFA00C9E25E /* Base */,
			);
			name = Main.storyboard;
			sourceTree = "<group>";
		};
		04FCDED62C09ADFB00C9E25E /* LaunchScreen.storyboard */ = {
			isa = PBXVariantGroup;
			children = (
				04FCDED72C09ADFB00C9E25E /* Base */,
			);
			name = LaunchScreen.storyboard;
			sourceTree = "<group>";
		};
/* End PBXVariantGroup section */

/* Begin XCBuildConfiguration section */
		04FCDEDC2C09ADFB00C9E25E /* Debug */ = {
			isa = XCBuildConfiguration;
			buildSettings = {
				ALWAYS_SEARCH_USER_PATHS = NO;
				ASSETCATALOG_COMPILER_GENERATE_SWIFT_ASSET_SYMBOL_EXTENSIONS = YES;
				CLANG_ANALYZER_NONNULL = YES;
				CLANG_ANALYZER_NUMBER_OBJECT_CONVERSION = YES_AGGRESSIVE;
				CLANG_CXX_LANGUAGE_STANDARD = "gnu++20";
				CLANG_ENABLE_MODULES = YES;
				CLANG_ENABLE_OBJC_ARC = YES;
				CLANG_ENABLE_OBJC_WEAK = YES;
				CLANG_WARN_BLOCK_CAPTURE_AUTORELEASING = YES;
				CLANG_WARN_BOOL_CONVERSION = YES;
				CLANG_WARN_COMMA = YES;
				CLANG_WARN_CONSTANT_CONVERSION = YES;
				CLANG_WARN_DEPRECATED_OBJC_IMPLEMENTATIONS = YES;
				CLANG_WARN_DIRECT_OBJC_ISA_USAGE = YES_ERROR;
				CLANG_WARN_DOCUMENTATION_COMMENTS = YES;
				CLANG_WARN_EMPTY_BODY = YES;
				CLANG_WARN_ENUM_CONVERSION = YES;
				CLANG_WARN_INFINITE_RECURSION = YES;
				CLANG_WARN_INT_CONVERSION = YES;
				CLANG_WARN_NON_LITERAL_NULL_CONVERSION = YES;
				CLANG_WARN_OBJC_IMPLICIT_RETAIN_SELF = YES;
				CLANG_WARN_OBJC_LITERAL_CONVERSION = YES;
				CLANG_WARN_OBJC_ROOT_CLASS = YES_ERROR;
				CLANG_WARN_QUOTED_INCLUDE_IN_FRAMEWORK_HEADER = YES;
				CLANG_WARN_RANGE_LOOP_ANALYSIS = YES;
				CLANG_WARN_STRICT_PROTOTYPES = YES;
				CLANG_WARN_SUSPICIOUS_MOVE = YES;
				CLANG_WARN_UNGUARDED_AVAILABILITY = YES_AGGRESSIVE;
				CLANG_WARN_UNREACHABLE_CODE = YES;
				CLANG_WARN__DUPLICATE_METHOD_MATCH = YES;
				COPY_PHASE_STRIP = NO;
				DEBUG_INFORMATION_FORMAT = dwarf;
				ENABLE_STRICT_OBJC_MSGSEND = YES;
				ENABLE_TESTABILITY = YES;
				ENABLE_USER_SCRIPT_SANDBOXING = YES;
				GCC_C_LANGUAGE_STANDARD = gnu17;
				GCC_DYNAMIC_NO_PIC = NO;
				GCC_NO_COMMON_BLOCKS = YES;
				GCC_OPTIMIZATION_LEVEL = 0;
				GCC_PREPROCESSOR_DEFINITIONS = (
					"DEBUG=1",
					"$(inherited)",
				);
				GCC_WARN_64_TO_32_BIT_CONVERSION = YES;
				GCC_WARN_ABOUT_RETURN_TYPE = YES_ERROR;
				GCC_WARN_UNDECLARED_SELECTOR = YES;
				GCC_WARN_UNINITIALIZED_AUTOS = YES_AGGRESSIVE;
				GCC_WARN_UNUSED_FUNCTION = YES;
				GCC_WARN_UNUSED_VARIABLE = YES;
				IPHONEOS_DEPLOYMENT_TARGET = 17.2;
				LOCALIZATION_PREFERS_STRING_CATALOGS = YES;
				MTL_ENABLE_DEBUG_INFO = INCLUDE_SOURCE;
				MTL_FAST_MATH = YES;
				ONLY_ACTIVE_ARCH = YES;
				SDKROOT = iphoneos;
			};
			name = Debug;
		};
		04FCDEDD2C09ADFB00C9E25E /* Release */ = {
			isa = XCBuildConfiguration;
			buildSettings = {
				ALWAYS_SEARCH_USER_PATHS = NO;
				ASSETCATALOG_COMPILER_GENERATE_SWIFT_ASSET_SYMBOL_EXTENSIONS = YES;
				CLANG_ANALYZER_NONNULL = YES;
				CLANG_ANALYZER_NUMBER_OBJECT_CONVERSION = YES_AGGRESSIVE;
				CLANG_CXX_LANGUAGE_STANDARD = "gnu++20";
				CLANG_ENABLE_MODULES = YES;
				CLANG_ENABLE_OBJC_ARC = YES;
				CLANG_ENABLE_OBJC_WEAK = YES;
				CLANG_WARN_BLOCK_CAPTURE_AUTORELEASING = YES;
				CLANG_WARN_BOOL_CONVERSION = YES;
				CLANG_WARN_COMMA = YES;
				CLANG_WARN_CONSTANT_CONVERSION = YES;
				CLANG_WARN_DEPRECATED_OBJC_IMPLEMENTATIONS = YES;
				CLANG_WARN_DIRECT_OBJC_ISA_USAGE = YES_ERROR;
				CLANG_WARN_DOCUMENTATION_COMMENTS = YES;
				CLANG_WARN_EMPTY_BODY = YES;
				CLANG_WARN_ENUM_CONVERSION = YES;
				CLANG_WARN_INFINITE_RECURSION = YES;
				CLANG_WARN_INT_CONVERSION = YES;
				CLANG_WARN_NON_LITERAL_NULL_CONVERSION = YES;
				CLANG_WARN_OBJC_IMPLICIT_RETAIN_SELF = YES;
				CLANG_WARN_OBJC_LITERAL_CONVERSION = YES;
				CLANG_WARN_OBJC_ROOT_CLASS = YES_ERROR;
				CLANG_WARN_QUOTED_INCLUDE_IN_FRAMEWORK_HEADER = YES;
				CLANG_WARN_RANGE_LOOP_ANALYSIS = YES;
				CLANG_WARN_STRICT_PROTOTYPES = YES;
				CLANG_WARN_SUSPICIOUS_MOVE = YES;
				CLANG_WARN_UNGUARDED_AVAILABILITY = YES_AGGRESSIVE;
				CLANG_WARN_UNREACHABLE_CODE = YES;
				CLANG_WARN__DUPLICATE_METHOD_MATCH = YES;
				COPY_PHASE_STRIP = NO;
				DEBUG_INFORMATION_FORMAT = "dwarf-with-dsym";
				ENABLE_NS_ASSERTIONS = NO;
				ENABLE_STRICT_OBJC_MSGSEND = YES;
				ENABLE_USER_SCRIPT_SANDBOXING = YES;
				GCC_C_LANGUAGE_STANDARD = gnu17;
				GCC_NO_COMMON_BLOCKS = YES;
				GCC_WARN_64_TO_32_BIT_CONVERSION = YES;
				GCC_WARN_ABOUT_RETURN_TYPE = YES_ERROR;
				GCC_WARN_UNDECLARED_SELECTOR = YES;
				GCC_WARN_UNINITIALIZED_AUTOS = YES_AGGRESSIVE;
				GCC_WARN_UNUSED_FUNCTION = YES;
				GCC_WARN_UNUSED_VARIABLE = YES;
				IPHONEOS_DEPLOYMENT_TARGET = 17.2;
				LOCALIZATION_PREFERS_STRING_CATALOGS = YES;
				MTL_ENABLE_DEBUG_INFO = NO;
				MTL_FAST_MATH = YES;
				SDKROOT = iphoneos;
				VALIDATE_PRODUCT = YES;
			};
			name = Release;
		};
		04FCDEDF2C09ADFB00C9E25E /* Debug */ = {
			isa = XCBuildConfiguration;
			baseConfigurationReference = 7C9C93D21EB46E2F9AC9FA68 /* Pods-B_Category.debug.xcconfig */;
			buildSettings = {
				ASSETCATALOG_COMPILER_APPICON_NAME = AppIcon;
				ASSETCATALOG_COMPILER_GLOBAL_ACCENT_COLOR_NAME = AccentColor;
				CODE_SIGN_STYLE = Automatic;
				CURRENT_PROJECT_VERSION = 1;
				DEVELOPMENT_TEAM = V68M24UBXJ;
				GENERATE_INFOPLIST_FILE = YES;
				INFOPLIST_FILE = B_Category/Info.plist;
				INFOPLIST_KEY_UIApplicationSupportsIndirectInputEvents = YES;
				INFOPLIST_KEY_UILaunchStoryboardName = LaunchScreen;
				INFOPLIST_KEY_UIMainStoryboardFile = Main;
				INFOPLIST_KEY_UISupportedInterfaceOrientations_iPad = "UIInterfaceOrientationPortrait UIInterfaceOrientationPortraitUpsideDown UIInterfaceOrientationLandscapeLeft UIInterfaceOrientationLandscapeRight";
				INFOPLIST_KEY_UISupportedInterfaceOrientations_iPhone = "UIInterfaceOrientationPortrait UIInterfaceOrientationLandscapeLeft UIInterfaceOrientationLandscapeRight";
				LD_RUNPATH_SEARCH_PATHS = (
					"$(inherited)",
					"@executable_path/Frameworks",
				);
				MARKETING_VERSION = 1.0;
				PRODUCT_BUNDLE_IDENTIFIER = "com.test.B-Category";
				PRODUCT_NAME = "$(TARGET_NAME)";
				SWIFT_EMIT_LOC_STRINGS = YES;
				TARGETED_DEVICE_FAMILY = "1,2";
			};
			name = Debug;
		};
		04FCDEE02C09ADFB00C9E25E /* Release */ = {
			isa = XCBuildConfiguration;
			baseConfigurationReference = F25581F80681C33B318D0106 /* Pods-B_Category.release.xcconfig */;
			buildSettings = {
				ASSETCATALOG_COMPILER_APPICON_NAME = AppIcon;
				ASSETCATALOG_COMPILER_GLOBAL_ACCENT_COLOR_NAME = AccentColor;
				CODE_SIGN_STYLE = Automatic;
				CURRENT_PROJECT_VERSION = 1;
				DEVELOPMENT_TEAM = V68M24UBXJ;
				GENERATE_INFOPLIST_FILE = YES;
				INFOPLIST_FILE = B_Category/Info.plist;
				INFOPLIST_KEY_UIApplicationSupportsIndirectInputEvents = YES;
				INFOPLIST_KEY_UILaunchStoryboardName = LaunchScreen;
				INFOPLIST_KEY_UIMainStoryboardFile = Main;
				INFOPLIST_KEY_UISupportedInterfaceOrientations_iPad = "UIInterfaceOrientationPortrait UIInterfaceOrientationPortraitUpsideDown UIInterfaceOrientationLandscapeLeft UIInterfaceOrientationLandscapeRight";
				INFOPLIST_KEY_UISupportedInterfaceOrientations_iPhone = "UIInterfaceOrientationPortrait UIInterfaceOrientationLandscapeLeft UIInterfaceOrientationLandscapeRight";
				LD_RUNPATH_SEARCH_PATHS = (
					"$(inherited)",
					"@executable_path/Frameworks",
				);
				MARKETING_VERSION = 1.0;
				PRODUCT_BUNDLE_IDENTIFIER = "com.test.B-Category";
				PRODUCT_NAME = "$(TARGET_NAME)";
				SWIFT_EMIT_LOC_STRINGS = YES;
				TARGETED_DEVICE_FAMILY = "1,2";
			};
			name = Release;
		};
/* End XCBuildConfiguration section */

/* Begin XCConfigurationList section */
		04FCDEC02C09ADFA00C9E25E /* Build configuration list for PBXProject "B_Category" */ = {
			isa = XCConfigurationList;
			buildConfigurations = (
				04FCDEDC2C09ADFB00C9E25E /* Debug */,
				04FCDEDD2C09ADFB00C9E25E /* Release */,
			);
			defaultConfigurationIsVisible = 0;
			defaultConfigurationName = Release;
		};
		04FCDEDE2C09ADFB00C9E25E /* Build configuration list for PBXNativeTarget "B_Category" */ = {
			isa = XCConfigurationList;
			buildConfigurations = (
				04FCDEDF2C09ADFB00C9E25E /* Debug */,
				04FCDEE02C09ADFB00C9E25E /* Release */,
			);
			defaultConfigurationIsVisible = 0;
			defaultConfigurationName = Release;
		};
/* End XCConfigurationList section */
	};
	rootObject = 04FCDEBD2C09ADFA00C9E25E /* Project object */;
}
